
Microsoft Visual Studio Solution File, Format Version 12.00
# Visual Studio 2013
VisualStudioVersion = 12.0.31101.0
MinimumVisualStudioVersion = 10.0.40219.1
Project("{888888A0-9F3D-457C-B088-3A5042F75D52}") = "hearthstone-deck-classifier", "hearthstone-deck-classifier\hearthstone-deck-classifier.pyproj", "{729944A8-3914-4A93-9F3B-9619217D2E19}"
EndProject
Project("{888888A0-9F3D-457C-B088-3A5042F75D52}") = "WebSite", "WebSite\WebSite.pyproj", "{66EA4A05-1B1E-40D6-8BAB-E240579D7362}"
EndProject
Global
	GlobalSection(SolutionConfigurationPlatforms) = preSolution
		Debug|Any CPU = Debug|Any CPU
		Release|Any CPU = Release|Any CPU
	EndGlobalSection
	GlobalSection(ProjectConfigurationPlatforms) = postSolution
		{729944A8-3914-4A93-9F3B-9619217D2E19}.Debug|Any CPU.ActiveCfg = Debug|Any CPU
		{729944A8-3914-4A93-9F3B-9619217D2E19}.Release|Any CPU.ActiveCfg = Release|Any CPU
		{66EA4A05-1B1E-40D6-8BAB-E240579D7362}.Debug|Any CPU.ActiveCfg = Debug|Any CPU
		{66EA4A05-1B1E-40D6-8BAB-E240579D7362}.Debug|Any CPU.Build.0 = Debug|Any CPU
		{66EA4A05-1B1E-40D6-8BAB-E240579D7362}.Release|Any CPU.ActiveCfg = Release|Any CPU
		{66EA4A05-1B1E-40D6-8BAB-E240579D7362}.Release|Any CPU.Build.0 = Release|Any CPU
	EndGlobalSection
	GlobalSection(SolutionProperties) = preSolution
		HideSolutionNode = FALSE
	EndGlobalSection
EndGlobal
